
Microsoft Visual Studio Solution File, Format Version 12.00
# Visual Studio Version 17
VisualStudioVersion = 17.13.35913.81
MinimumVisualStudioVersion = 10.0.40219.1
Project("{FAE04EC0-301F-11D3-BF4B-00C04F79EFBC}") = "ProductAPI", "WebApplication2\ProductAPI.csproj", "{BEEFE81E-7A04-404F-B8AB-E7DBE52D66BF}"
EndProject
Global
	GlobalSection(SolutionConfigurationPlatforms) = preSolution
		Debug|Any CPU = Debug|Any CPU
		Release|Any CPU = Release|Any CPU
	EndGlobalSection
	GlobalSection(ProjectConfigurationPlatforms) = postSolution
		{BEEFE81E-7A04-404F-B8AB-E7DBE52D66BF}.Debug|Any CPU.ActiveCfg = Debug|Any CPU
		{BEEFE81E-7A04-404F-B8AB-E7DBE52D66BF}.Debug|Any CPU.Build.0 = Debug|Any CPU
		{BEEFE81E-7A04-404F-B8AB-E7DBE52D66BF}.Release|Any CPU.ActiveCfg = Release|Any CPU
		{BEEFE81E-7A04-404F-B8AB-E7DBE52D66BF}.Release|Any CPU.Build.0 = Release|Any CPU
	EndGlobalSection
	GlobalSection(SolutionProperties) = preSolution
		HideSolutionNode = FALSE
	EndGlobalSection
	GlobalSection(ExtensibilityGlobals) = postSolution
		SolutionGuid = {05C1D560-2EBC-4195-9A6F-D5D9F6793DAB}
	EndGlobalSection
EndGlobal
